
Microsoft Visual Studio Solution File, Format Version 12.00
# Visual Studio Version 17
VisualStudioVersion = 17.13.35931.197 d17.13
MinimumVisualStudioVersion = 10.0.40219.1
Project("{FAE04EC0-301F-11D3-BF4B-00C04F79EFBC}") = "BlockChainApi", "BlockChainApi\BlockChainApi.csproj", "{F7EA9103-2C61-4407-AC91-7E55B85092DB}"
EndProject
Project("{FAE04EC0-301F-11D3-BF4B-00C04F79EFBC}") = "BlockChain.DAL", "BlockChain.DAL\BlockChain.DAL.csproj", "{E0653868-452F-4401-A30F-A22429A44C9B}"
EndProject
Project("{FAE04EC0-301F-11D3-BF4B-00C04F79EFBC}") = "BlockChain.BAL", "BlockChain.BAL\BlockChain.BAL.csproj", "{4FB1469F-7CBF-44B1-9F99-4803CFCAC885}"
EndProject
Project("{FAE04EC0-301F-11D3-BF4B-00C04F79EFBC}") = "BlockChain.Model", "BlockChain.Model\BlockChain.Model.csproj", "{C55D676B-1148-4408-BD39-28E22FE4CF42}"
EndProject
Global
	GlobalSection(SolutionConfigurationPlatforms) = preSolution
		Debug|Any CPU = Debug|Any CPU
		Release|Any CPU = Release|Any CPU
	EndGlobalSection
	GlobalSection(ProjectConfigurationPlatforms) = postSolution
		{F7EA9103-2C61-4407-AC91-7E55B85092DB}.Debug|Any CPU.ActiveCfg = Debug|Any CPU
		{F7EA9103-2C61-4407-AC91-7E55B85092DB}.Debug|Any CPU.Build.0 = Debug|Any CPU
		{F7EA9103-2C61-4407-AC91-7E55B85092DB}.Release|Any CPU.ActiveCfg = Release|Any CPU
		{F7EA9103-2C61-4407-AC91-7E55B85092DB}.Release|Any CPU.Build.0 = Release|Any CPU
		{E0653868-452F-4401-A30F-A22429A44C9B}.Debug|Any CPU.ActiveCfg = Debug|Any CPU
		{E0653868-452F-4401-A30F-A22429A44C9B}.Debug|Any CPU.Build.0 = Debug|Any CPU
		{E0653868-452F-4401-A30F-A22429A44C9B}.Release|Any CPU.ActiveCfg = Release|Any CPU
		{E0653868-452F-4401-A30F-A22429A44C9B}.Release|Any CPU.Build.0 = Release|Any CPU
		{4FB1469F-7CBF-44B1-9F99-4803CFCAC885}.Debug|Any CPU.ActiveCfg = Debug|Any CPU
		{4FB1469F-7CBF-44B1-9F99-4803CFCAC885}.Debug|Any CPU.Build.0 = Debug|Any CPU
		{4FB1469F-7CBF-44B1-9F99-4803CFCAC885}.Release|Any CPU.ActiveCfg = Release|Any CPU
		{4FB1469F-7CBF-44B1-9F99-4803CFCAC885}.Release|Any CPU.Build.0 = Release|Any CPU
		{C55D676B-1148-4408-BD39-28E22FE4CF42}.Debug|Any CPU.ActiveCfg = Debug|Any CPU
		{C55D676B-1148-4408-BD39-28E22FE4CF42}.Debug|Any CPU.Build.0 = Debug|Any CPU
		{C55D676B-1148-4408-BD39-28E22FE4CF42}.Release|Any CPU.ActiveCfg = Release|Any CPU
		{C55D676B-1148-4408-BD39-28E22FE4CF42}.Release|Any CPU.Build.0 = Release|Any CPU
	EndGlobalSection
	GlobalSection(SolutionProperties) = preSolution
		HideSolutionNode = FALSE
	EndGlobalSection
	GlobalSection(ExtensibilityGlobals) = postSolution
		SolutionGuid = {778DA5CC-92D1-48AE-AA76-E18931AEE420}
	EndGlobalSection
EndGlobal
